{
  "name": "dimos-unitree-go2-dogops-web",
  "version": "0.1.0",
  "lockfileVersion": 3,
  "requires": true,
  "packages": {
    "": {
      "name": "dimos-unitree-go2-dogops-web",
      "version": "0.1.0",
      "dependencies": {
        "@rerun-io/web-viewer": "0.32.0-alpha.1"
      }
    },
    "node_modules/@rerun-io/web-viewer": {
      "version": "0.32.0-alpha.1",
      "resolved": "https://registry.npmjs.org/@rerun-io/web-viewer/-/web-viewer-0.32.0-alpha.1.tgz",
      "integrity": "sha512-TSTLM0Q6RBHbivJQ/lFJCzqpwH13m1TqvKV3q6OFqZ61YumkPjsKZ98jXA26sUlmISjcNmtZr8ufVSMHIzZiww==",
      "license": "MIT"
    }
  }
}
