{
  "name": "dimos-unitree-go2-dogops-web",
  "version": "0.1.0",
  "lockfileVersion": 3,
  "requires": true,
  "packages": {
    "": {
      "name": "dimos-unitree-go2-dogops-web",
      "version": "0.1.0",
      "dependencies": {
        "@rerun-io/web-viewer": "0.32.2"
      }
    },
    "node_modules/@rerun-io/web-viewer": {
      "version": "0.32.2",
      "resolved": "https://registry.npmjs.org/@rerun-io/web-viewer/-/web-viewer-0.32.2.tgz",
      "integrity": "sha512-avvGObQXib8U+rKpPUUxyiUfP9gbLzW0SNpFoGTaHRW1VNRD8JFlZnuquCtzvKLkihaCUrPUS6jd8dtPl5pexQ==",
      "license": "MIT"
    }
  }
}
